
Microsoft Visual Studio Solution File, Format Version 12.00
# Visual Studio Version 17
VisualStudioVersion = 17.10.35122.118
MinimumVisualStudioVersion = 10.0.40219.1
Project("{FAE04EC0-301F-11D3-BF4B-00C04F79EFBC}") = "Trees", "Trees.csproj", "{B10C7A57-83B8-46E9-893F-A50CAC86B1A7}"
EndProject
Global
	GlobalSection(SolutionConfigurationPlatforms) = preSolution
		Debug|Any CPU = Debug|Any CPU
		Release|Any CPU = Release|Any CPU
	EndGlobalSection
	GlobalSection(ProjectConfigurationPlatforms) = postSolution
		{B10C7A57-83B8-46E9-893F-A50CAC86B1A7}.Debug|Any CPU.ActiveCfg = Debug|Any CPU
		{B10C7A57-83B8-46E9-893F-A50CAC86B1A7}.Debug|Any CPU.Build.0 = Debug|Any CPU
		{B10C7A57-83B8-46E9-893F-A50CAC86B1A7}.Release|Any CPU.ActiveCfg = Release|Any CPU
		{B10C7A57-83B8-46E9-893F-A50CAC86B1A7}.Release|Any CPU.Build.0 = Release|Any CPU
	EndGlobalSection
	GlobalSection(SolutionProperties) = preSolution
		HideSolutionNode = FALSE
	EndGlobalSection
	GlobalSection(ExtensibilityGlobals) = postSolution
		SolutionGuid = {8487DF00-FEBB-4189-8B0B-F637F3792DB9}
	EndGlobalSection
EndGlobal
